{
  "meteor": {},
  "dependencies": {
    "basePackages": {
      "less-fontawesome-4": {},
      "accounts-templates-foundation": {},
      "accounts-linkedin": {},
      "zurb-foundation": {}
    },
    "packages": {
      "less-fontawesome-4": {
        "git": "https://github.com/DerMambo/less-fontawesome-4.git",
        "tag": "v0.0.4",
        "commit": "79fdf3d3e90fdb4635878b34f545965014cd4ea8"
      },
      "accounts-templates-foundation": {
        "git": "https://github.com/splendido/accounts-templates-foundation.git",
        "tag": "v0.9.0",
        "commit": "be2e2c7c77fe3fe51c83d7d2b5faf99505a22230"
      },
      "accounts-linkedin": {
        "git": "https://github.com/yefim/meteor-accounts-linkedin.git",
        "tag": "v0.0.6",
        "commit": "58ae8fc9da845c2eabcacc5cc6a238af6189d19d"
      },
      "zurb-foundation": {
        "git": "https://github.com/MixinLabs/meteor-foundation.git",
        "tag": "v5.3.3-0.1.0",
        "commit": "f754d7758ae0a79e0573ddbf927382042f1a875c"
      },
      "accounts-templates-core": {
        "git": "https://github.com/splendido/accounts-templates-core.git",
        "tag": "v0.9.0",
        "commit": "eda51c788fd7237acc29d873e16ce5cd618d476a"
      },
      "linkedin": {
        "git": "https://github.com/yefim/meteor-linkedin.git",
        "tag": "v0.0.2",
        "commit": "c3bac682ea0edd19e58b9172e708f91616888ba0"
      },
      "accounts-t9n": {
        "git": "https://github.com/softwarerero/meteor-accounts-t9n.git",
        "tag": "v0.0.20",
        "commit": "b3c487c3470a798fe81d53096516fd6f60428808"
      },
      "iron-router": {
        "git": "https://github.com/EventedMind/iron-router.git",
        "tag": "v0.8.2",
        "commit": "05415a8891ea87a00fb1e2388585f2ca5a38e0da"
      },
      "iron-layout": {
        "git": "https://github.com/EventedMind/iron-layout.git",
        "tag": "v0.2.0",
        "commit": "4a2d53e35ba036b0c189c7ceca34be494d4c6c97"
      },
      "blaze-layout": {
        "git": "https://github.com/EventedMind/blaze-layout.git",
        "tag": "v0.2.5",
        "commit": "273e3ab7d005d91a1a59c71bd224533b4dae2fbd"
      },
      "iron-core": {
        "git": "https://github.com/EventedMind/iron-core.git",
        "tag": "v0.2.0",
        "commit": "0e48b5dc50d03f01025b7b900fb5ce2f13d52cad"
      },
      "iron-dynamic-template": {
        "git": "https://github.com/EventedMind/iron-dynamic-template.git",
        "tag": "v0.2.1",
        "commit": "4dd1185c4d9d616c9abdb3f33e4a7d5a88db7e18"
      }
    }
  }
}
