{
  "meteor": {},
  "dependencies": {
    "basePackages": {
      "iron-router": {},
      "less-fontawesome-4": {},
      "accounts-templates-foundation": {
        "version": "0.0.3"
      },
      "accounts-linkedin": {
        "git": "https://github.com/splendido/meteor-accounts-linkedin.git",
        "branch": "master"
      },
      "zurb-foundation": {}
    },
    "packages": {
      "iron-router": {
        "git": "https://github.com/EventedMind/iron-router.git",
        "tag": "v0.7.1",
        "commit": "d1ffb3f06ea4c112132b030f2eb1a70b81675ecb"
      },
      "less-fontawesome-4": {
        "git": "https://github.com/DerMambo/less-fontawesome-4.git",
        "tag": "v0.0.1",
        "commit": "f40d8d5e0794325aedddd4aeedd1e9cfb47ca133"
      },
      "accounts-templates-foundation": {
        "git": "https://github.com/splendido/accounts-templates-foundation.git",
        "tag": "v0.0.3",
        "commit": "c9e2dc71a2e9bd3d4fe95fd33d1be7da24e6cd32"
      },
      "accounts-linkedin": {
        "git": "https://github.com/splendido/meteor-accounts-linkedin.git",
        "branch": "master",
        "commit": "dd134ff90a8f4afd37bdc83f3df00d3ae28669d6"
      },
      "zurb-foundation": {
        "git": "https://github.com/MixinLabs/meteor-foundation.git",
        "tag": "v5.2.2-0.0.1",
        "commit": "afe432020cc6246fa0a243a6d2e1e031f08d98e3"
      },
      "blaze-layout": {
        "git": "https://github.com/EventedMind/blaze-layout.git",
        "tag": "v0.2.4",
        "commit": "b40e9b0612329288d75cf52ad14a7da64bb8618f"
      },
      "accounts-templates-core": {
        "git": "https://github.com/splendido/accounts-templates-core.git",
        "tag": "v0.0.4",
        "commit": "613be513f6c77c0bbcceaef0f7b8d472e06e4145"
      },
      "linkedin": {
        "git": "https://github.com/yefim/meteor-linkedin.git",
        "tag": "v0.0.2",
        "commit": "c3bac682ea0edd19e58b9172e708f91616888ba0"
      },
      "accounts-t9n": {
        "git": "https://github.com/splendido/meteor-accounts-t9n.git",
        "branch": "master",
        "commit": "1d3f63b64c529746c06b0a790874af2d4e7f21ba"
      }
    }
  }
}
